
Microsoft Visual Studio Solution File, Format Version 12.00
# Visual Studio Version 17
VisualStudioVersion = 17.0.31903.59
MinimumVisualStudioVersion = 10.0.40219.1
Project("{9A19103F-16F7-4668-BE54-9A1E7A4F7556}") = "ShopOnline.Web", "ShopOnline.Web\ShopOnline.Web.csproj", "{6FF71768-EDA1-443D-851F-9DC28824213F}"
EndProject
Project("{9A19103F-16F7-4668-BE54-9A1E7A4F7556}") = "ShopOnline.Api", "ShopOnline.Api\ShopOnline.Api.csproj", "{BCFB05C2-0FA4-448C-88C4-B379BEF0972D}"
EndProject
Project("{9A19103F-16F7-4668-BE54-9A1E7A4F7556}") = "ShopOnline.Models", "ShopOnline.Models\ShopOnline.Models.csproj", "{01BF1438-1F53-44AB-904B-39A6AAD566E3}"
EndProject
Project("{2150E333-8FDC-42A3-9474-1A3956D46DE8}") = "Solution Items", "Solution Items", "{3D69FB98-3786-4DAA-89A7-9A948C1FE5FE}"
EndProject
Global
	GlobalSection(SolutionConfigurationPlatforms) = preSolution
		Debug|Any CPU = Debug|Any CPU
		Release|Any CPU = Release|Any CPU
	EndGlobalSection
	GlobalSection(ProjectConfigurationPlatforms) = postSolution
		{6FF71768-EDA1-443D-851F-9DC28824213F}.Debug|Any CPU.ActiveCfg = Debug|Any CPU
		{6FF71768-EDA1-443D-851F-9DC28824213F}.Debug|Any CPU.Build.0 = Debug|Any CPU
		{6FF71768-EDA1-443D-851F-9DC28824213F}.Release|Any CPU.ActiveCfg = Release|Any CPU
		{6FF71768-EDA1-443D-851F-9DC28824213F}.Release|Any CPU.Build.0 = Release|Any CPU
		{BCFB05C2-0FA4-448C-88C4-B379BEF0972D}.Debug|Any CPU.ActiveCfg = Debug|Any CPU
		{BCFB05C2-0FA4-448C-88C4-B379BEF0972D}.Debug|Any CPU.Build.0 = Debug|Any CPU
		{BCFB05C2-0FA4-448C-88C4-B379BEF0972D}.Release|Any CPU.ActiveCfg = Release|Any CPU
		{BCFB05C2-0FA4-448C-88C4-B379BEF0972D}.Release|Any CPU.Build.0 = Release|Any CPU
		{01BF1438-1F53-44AB-904B-39A6AAD566E3}.Debug|Any CPU.ActiveCfg = Debug|Any CPU
		{01BF1438-1F53-44AB-904B-39A6AAD566E3}.Debug|Any CPU.Build.0 = Debug|Any CPU
		{01BF1438-1F53-44AB-904B-39A6AAD566E3}.Release|Any CPU.ActiveCfg = Release|Any CPU
		{01BF1438-1F53-44AB-904B-39A6AAD566E3}.Release|Any CPU.Build.0 = Release|Any CPU
	EndGlobalSection
	GlobalSection(SolutionProperties) = preSolution
		HideSolutionNode = FALSE
	EndGlobalSection
	GlobalSection(ExtensibilityGlobals) = postSolution
		SolutionGuid = {CFF575CD-2EC0-41EF-82AC-1751BEB44131}
	EndGlobalSection
EndGlobal
